
Microsoft Visual Studio Solution File, Format Version 12.00
# Visual Studio Version 17
VisualStudioVersion = 17.0.32014.148
MinimumVisualStudioVersion = 10.0.40219.1
Project("{FAE04EC0-301F-11D3-BF4B-00C04F79EFBC}") = "AB", "AB\AB.csproj", "{D7D22826-DE7A-411A-AD7C-DE680B1DB094}"
EndProject
Global
	GlobalSection(SolutionConfigurationPlatforms) = preSolution
		Debug|Any CPU = Debug|Any CPU
		Release|Any CPU = Release|Any CPU
	EndGlobalSection
	GlobalSection(ProjectConfigurationPlatforms) = postSolution
		{D7D22826-DE7A-411A-AD7C-DE680B1DB094}.Debug|Any CPU.ActiveCfg = Debug|Any CPU
		{D7D22826-DE7A-411A-AD7C-DE680B1DB094}.Debug|Any CPU.Build.0 = Debug|Any CPU
		{D7D22826-DE7A-411A-AD7C-DE680B1DB094}.Release|Any CPU.ActiveCfg = Release|Any CPU
		{D7D22826-DE7A-411A-AD7C-DE680B1DB094}.Release|Any CPU.Build.0 = Release|Any CPU
	EndGlobalSection
	GlobalSection(SolutionProperties) = preSolution
		HideSolutionNode = FALSE
	EndGlobalSection
	GlobalSection(ExtensibilityGlobals) = postSolution
		SolutionGuid = {522A2BD8-0C18-430B-9236-5E72DBD7ACE9}
	EndGlobalSection
EndGlobal
